[[package]]
name = "cloudpickle"
version = "1.6.0"
description = "Extended pickling support for Python objects"
category = "main"
optional = false
python-versions = ">=3.5"

[[package]]
name = "future"
version = "0.18.2"
description = "Clean single-source support for Python 3 and 2"
category = "main"
optional = false
python-versions = ">=2.6, !=3.0.*, !=3.1.*, !=3.2.*"

[[package]]
name = "ghalton"
version = "0.6.2"
description = "Generalized Halton number generator"
category = "main"
optional = false
python-versions = "*"

[[package]]
name = "gym"
version = "0.18.0"
description = "The OpenAI Gym: A toolkit for developing and comparing your reinforcement learning agents."
category = "main"
optional = false
python-versions = ">=3.6"

[package.dependencies]
cloudpickle = ">=1.2.0,<1.7.0"
numpy = ">=1.10.4"
Pillow = "<=7.2.0"
pyglet = ">=1.4.0,<=1.5.0"
scipy = "*"

[package.extras]
all = ["atari_py (>=0.2.0,<0.3.0)", "box2d-py (>=2.3.5,<2.4.0)", "opencv-python (>=3)", "imageio", "mujoco_py (>=1.50,<2.0)"]
atari = ["atari_py (>=0.2.0,<0.3.0)", "opencv-python (>=3)"]
box2d = ["box2d-py (>=2.3.5,<2.4.0)"]
mujoco = ["mujoco_py (>=1.50,<2.0)", "imageio"]
nomujoco = ["opencv-python (>=3)", "atari_py (>=0.2.0,<0.3.0)", "box2d-py (>=2.3.5,<2.4.0)"]
robotics = ["mujoco_py (>=1.50,<2.0)", "imageio"]

[[package]]
name = "imageio"
version = "2.9.0"
description = "Library for reading and writing a wide range of image, video, scientific, and volumetric data formats."
category = "main"
optional = false
python-versions = ">=3.5"

[package.dependencies]
numpy = "*"
pillow = "*"

[package.extras]
ffmpeg = ["imageio-ffmpeg"]
fits = ["astropy"]
full = ["astropy", "gdal", "imageio-ffmpeg", "itk"]
gdal = ["gdal"]
itk = ["itk"]

[[package]]
name = "numpy"
version = "1.20.1"
description = "NumPy is the fundamental package for array computing with Python."
category = "main"
optional = false
python-versions = ">=3.7"

[[package]]
name = "pillow"
version = "7.2.0"
description = "Python Imaging Library (Fork)"
category = "main"
optional = false
python-versions = ">=3.5"

[[package]]
name = "psutil"
version = "5.8.0"
description = "Cross-platform lib for process and system monitoring in Python."
category = "main"
optional = false
python-versions = ">=2.6, !=3.0.*, !=3.1.*, !=3.2.*, !=3.3.*"

[package.extras]
test = ["ipaddress", "mock", "unittest2", "enum34", "pywin32", "wmi"]

[[package]]
name = "pybullet"
version = "3.0.8"
description = "Official Python Interface for the Bullet Physics SDK specialized for Robotics Simulation and Reinforcement Learning"
category = "main"
optional = false
python-versions = "*"

[[package]]
name = "pybullet-planning"
version = "0.5.1"
description = "a suite of utility functions to facilitate robotic planning related research on the pybullet physics simulation engine."
category = "main"
optional = false
python-versions = "*"

[package.dependencies]
ghalton = "*"
imageio = "*"
numpy = "*"
psutil = "*"
pybullet = ">=2.7.5"
recordclass = "*"
scipy = "*"

[[package]]
name = "pybullet-rendering"
version = "0.6.5"
description = "External rendering plugin for PyBullet"
category = "main"
optional = false
python-versions = "*"

[package.dependencies]
numpy = "*"
pybullet = ">=3.0.8"

[[package]]
name = "pyglet"
version = "1.5.0"
description = "Cross-platform windowing and multimedia library"
category = "main"
optional = false
python-versions = "*"

[package.dependencies]
future = "*"

[[package]]
name = "recordclass"
version = "0.14.3"
description = "Mutable variants of tuple (mutabletuple) and collections.namedtuple (recordclass), which support assignments and more memory saving variants (dataobject, structclass, litelist, ...)."
category = "main"
optional = false
python-versions = "*"

[[package]]
name = "scipy"
version = "1.6.1"
description = "SciPy: Scientific Library for Python"
category = "main"
optional = false
python-versions = ">=3.7"

[package.dependencies]
numpy = ">=1.16.5"

[metadata]
lock-version = "1.1"
python-versions = "^3.9"
content-hash = "97f9d245aba38f1068c772de3f26007c0a854585d0b94ff94b3a88309c59ea1a"

[metadata.files]
cloudpickle = [
    {file = "cloudpickle-1.6.0-py3-none-any.whl", hash = "sha256:3a32d0eb0bc6f4d0c57fbc4f3e3780f7a81e6fee0fa935072884d58ae8e1cc7c"},
    {file = "cloudpickle-1.6.0.tar.gz", hash = "sha256:9bc994f9e9447593bd0a45371f0e7ac7333710fcf64a4eb9834bf149f4ef2f32"},
]
future = [
    {file = "future-0.18.2.tar.gz", hash = "sha256:b1bead90b70cf6ec3f0710ae53a525360fa360d306a86583adc6bf83a4db537d"},
]
ghalton = [
    {file = "ghalton-0.6.2-cp27-cp27m-macosx_10_13_x86_64.whl", hash = "sha256:8ff6043318fc6f2377b4316badddf79e1824f7cfc16645a5b5874e5843a014ff"},
    {file = "ghalton-0.6.2-cp27-cp27m-macosx_10_14_x86_64.whl", hash = "sha256:cb096db215fc06b95e13e2142f1e3377361154f2b15e4624c2b14f8b43626dd1"},
    {file = "ghalton-0.6.2-cp27-cp27m-manylinux2010_x86_64.whl", hash = "sha256:7ad5e0ed5415b846b34de4f73aeeaa2347062d600ca248bccd338e6cbacd6fae"},
    {file = "ghalton-0.6.2-cp27-cp27m-win_amd64.whl", hash = "sha256:421e3060fefd6939d29062b460bf4cb6326cb51216ea557e1d236896b69a7609"},
    {file = "ghalton-0.6.2-cp27-cp27mu-manylinux2010_x86_64.whl", hash = "sha256:5fecc794f86d5290c98a73c54be6533bceb19376a2cab65290d24b5f4ac3bc50"},
    {file = "ghalton-0.6.2-cp34-cp34m-manylinux2010_x86_64.whl", hash = "sha256:43bd65786ad29fab5fdef74b8cf1c75cf0e3f92d716b9636f318fa9cb79336f8"},
    {file = "ghalton-0.6.2-cp35-cp35m-manylinux2010_x86_64.whl", hash = "sha256:90ae02bf2625df29dfbf631c97efec22e949e79b98fe46909e71d42691431d57"},
    {file = "ghalton-0.6.2-cp35-cp35m-win_amd64.whl", hash = "sha256:bc599eb6c630b9aee4f92c9a2a194c780f61282a292b25d71e7442040c7475d4"},
    {file = "ghalton-0.6.2-cp36-cp36m-macosx_10_13_x86_64.whl", hash = "sha256:8a485c32da32707777a671ad851134d7d0e6320d44afe12f39e77ab010e38ad3"},
    {file = "ghalton-0.6.2-cp36-cp36m-macosx_10_14_x86_64.whl", hash = "sha256:77da8da7ae9deb74da259bbd9b33881b3eb60eb3b550cc1fde6e51aeeb370443"},
    {file = "ghalton-0.6.2-cp36-cp36m-manylinux2010_x86_64.whl", hash = "sha256:c5ee32dbc173586d636d638769531c75641796af865bbf29b39032a9e5ffd82f"},
    {file = "ghalton-0.6.2-cp36-cp36m-win_amd64.whl", hash = "sha256:86640551d3ba2dc42f620f18071b5e1479006ff764b8aa66d2efa91666203800"},
    {file = "ghalton-0.6.2-cp37-cp37m-macosx_10_13_x86_64.whl", hash = "sha256:20b46914851f758a49686d6238cc161256f62b11201f2a0a665b24f690a604d0"},
    {file = "ghalton-0.6.2-cp37-cp37m-macosx_10_14_x86_64.whl", hash = "sha256:5d00e058fbf35ccb39ea4ddbda92f10f506a99559826439b12bd9a56e8c66b2c"},
    {file = "ghalton-0.6.2-cp37-cp37m-manylinux2010_x86_64.whl", hash = "sha256:7f56e26ac785c148804875d3e877fdf4a92b80e93c07aac148bd288d1e59e186"},
    {file = "ghalton-0.6.2-cp37-cp37m-win_amd64.whl", hash = "sha256:cee31108ce248a7b0102b77ac783298c15a0f33d908ac9b8fbe6f7e2f020952a"},
    {file = "ghalton-0.6.2-cp38-cp38-macosx_10_13_x86_64.whl", hash = "sha256:254cbcac55e64a4e8e7571a0ca445ac5f06d35697073af05285c7b7fcb07aa7f"},
    {file = "ghalton-0.6.2-cp38-cp38-macosx_10_14_x86_64.whl", hash = "sha256:665f8b47121a593f4eb70532886cbe4eede30fa8b9989e733ff0a67bfdd41129"},
    {file = "ghalton-0.6.2-cp38-cp38-manylinux2010_x86_64.whl", hash = "sha256:8992da3bd9d0f71e55fa52adbd8034d6eb831edb18cd8b8320849e05050e41a2"},
    {file = "ghalton-0.6.2-cp38-cp38-win_amd64.whl", hash = "sha256:2f684bc1140a4c888c475bff4d46ee2831263dae879e2b19cb204bd88f143b3a"},
    {file = "ghalton-0.6.2-cp39-cp39-manylinux2010_x86_64.whl", hash = "sha256:8657453f0597493bd04078b46ba06811674bc7334ef292765dba4a1bd86848b8"},
    {file = "ghalton-0.6.2.tar.gz", hash = "sha256:fcff3f528ead5f77a60ecc774a666c3b24747d05af1c693909bd824049eb30d2"},
]
gym = [
    {file = "gym-0.18.0.tar.gz", hash = "sha256:a0dcd25c1373f3938f4cb4565f74f434fba6faefb73a42d09c9dddd0c08af53e"},
]
imageio = [
    {file = "imageio-2.9.0-py3-none-any.whl", hash = "sha256:3604d751f03002e8e0e7650aa71d8d9148144a87daf17cb1f3228e80747f2e6b"},
    {file = "imageio-2.9.0.tar.gz", hash = "sha256:52ddbaeca2dccf53ba2d6dec5676ca7bc3b2403ef8b37f7da78b7654bb3e10f0"},
]
numpy = [
    {file = "numpy-1.20.1-cp37-cp37m-macosx_10_9_x86_64.whl", hash = "sha256:ae61f02b84a0211abb56462a3b6cd1e7ec39d466d3160eb4e1da8bf6717cdbeb"},
    {file = "numpy-1.20.1-cp37-cp37m-manylinux1_i686.whl", hash = "sha256:65410c7f4398a0047eea5cca9b74009ea61178efd78d1be9847fac1d6716ec1e"},
    {file = "numpy-1.20.1-cp37-cp37m-manylinux1_x86_64.whl", hash = "sha256:2d7e27442599104ee08f4faed56bb87c55f8b10a5494ac2ead5c98a4b289e61f"},
    {file = "numpy-1.20.1-cp37-cp37m-manylinux2010_i686.whl", hash = "sha256:4ed8e96dc146e12c1c5cdd6fb9fd0757f2ba66048bf94c5126b7efebd12d0090"},
    {file = "numpy-1.20.1-cp37-cp37m-manylinux2010_x86_64.whl", hash = "sha256:ecb5b74c702358cdc21268ff4c37f7466357871f53a30e6f84c686952bef16a9"},
    {file = "numpy-1.20.1-cp37-cp37m-manylinux2014_aarch64.whl", hash = "sha256:b9410c0b6fed4a22554f072a86c361e417f0258838957b78bd063bde2c7f841f"},
    {file = "numpy-1.20.1-cp37-cp37m-win32.whl", hash = "sha256:3d3087e24e354c18fb35c454026af3ed8997cfd4997765266897c68d724e4845"},
    {file = "numpy-1.20.1-cp37-cp37m-win_amd64.whl", hash = "sha256:89f937b13b8dd17b0099c7c2e22066883c86ca1575a975f754babc8fbf8d69a9"},
    {file = "numpy-1.20.1-cp38-cp38-macosx_10_9_x86_64.whl", hash = "sha256:a1d7995d1023335e67fb070b2fae6f5968f5be3802b15ad6d79d81ecaa014fe0"},
    {file = "numpy-1.20.1-cp38-cp38-manylinux1_i686.whl", hash = "sha256:60759ab15c94dd0e1ed88241fd4fa3312db4e91d2c8f5a2d4cf3863fad83d65b"},
    {file = "numpy-1.20.1-cp38-cp38-manylinux1_x86_64.whl", hash = "sha256:125a0e10ddd99a874fd357bfa1b636cd58deb78ba4a30b5ddb09f645c3512e04"},
    {file = "numpy-1.20.1-cp38-cp38-manylinux2010_i686.whl", hash = "sha256:c26287dfc888cf1e65181f39ea75e11f42ffc4f4529e5bd19add57ad458996e2"},
    {file = "numpy-1.20.1-cp38-cp38-manylinux2010_x86_64.whl", hash = "sha256:7199109fa46277be503393be9250b983f325880766f847885607d9b13848f257"},
    {file = "numpy-1.20.1-cp38-cp38-manylinux2014_aarch64.whl", hash = "sha256:72251e43ac426ff98ea802a931922c79b8d7596480300eb9f1b1e45e0543571e"},
    {file = "numpy-1.20.1-cp38-cp38-win32.whl", hash = "sha256:c91ec9569facd4757ade0888371eced2ecf49e7982ce5634cc2cf4e7331a4b14"},
    {file = "numpy-1.20.1-cp38-cp38-win_amd64.whl", hash = "sha256:13adf545732bb23a796914fe5f891a12bd74cf3d2986eed7b7eba2941eea1590"},
    {file = "numpy-1.20.1-cp39-cp39-macosx_10_9_x86_64.whl", hash = "sha256:104f5e90b143dbf298361a99ac1af4cf59131218a045ebf4ee5990b83cff5fab"},
    {file = "numpy-1.20.1-cp39-cp39-manylinux2010_i686.whl", hash = "sha256:89e5336f2bec0c726ac7e7cdae181b325a9c0ee24e604704ed830d241c5e47ff"},
    {file = "numpy-1.20.1-cp39-cp39-manylinux2010_x86_64.whl", hash = "sha256:032be656d89bbf786d743fee11d01ef318b0781281241997558fa7950028dd29"},
    {file = "numpy-1.20.1-cp39-cp39-manylinux2014_aarch64.whl", hash = "sha256:66b467adfcf628f66ea4ac6430ded0614f5cc06ba530d09571ea404789064adc"},
    {file = "numpy-1.20.1-cp39-cp39-win32.whl", hash = "sha256:12e4ba5c6420917571f1a5becc9338abbde71dd811ce40b37ba62dec7b39af6d"},
    {file = "numpy-1.20.1-cp39-cp39-win_amd64.whl", hash = "sha256:9c94cab5054bad82a70b2e77741271790304651d584e2cdfe2041488e753863b"},
    {file = "numpy-1.20.1-pp37-pypy37_pp73-manylinux2010_x86_64.whl", hash = "sha256:9eb551d122fadca7774b97db8a112b77231dcccda8e91a5bc99e79890797175e"},
    {file = "numpy-1.20.1.zip", hash = "sha256:3bc63486a870294683980d76ec1e3efc786295ae00128f9ea38e2c6e74d5a60a"},
]
pillow = [
    {file = "Pillow-7.2.0-cp35-cp35m-macosx_10_10_intel.whl", hash = "sha256:1ca594126d3c4def54babee699c055a913efb01e106c309fa6b04405d474d5ae"},
    {file = "Pillow-7.2.0-cp35-cp35m-manylinux1_i686.whl", hash = "sha256:c92302a33138409e8f1ad16731568c55c9053eee71bb05b6b744067e1b62380f"},
    {file = "Pillow-7.2.0-cp35-cp35m-manylinux1_x86_64.whl", hash = "sha256:8dad18b69f710bf3a001d2bf3afab7c432785d94fcf819c16b5207b1cfd17d38"},
    {file = "Pillow-7.2.0-cp35-cp35m-manylinux2014_aarch64.whl", hash = "sha256:431b15cffbf949e89df2f7b48528be18b78bfa5177cb3036284a5508159492b5"},
    {file = "Pillow-7.2.0-cp35-cp35m-win32.whl", hash = "sha256:09d7f9e64289cb40c2c8d7ad674b2ed6105f55dc3b09aa8e4918e20a0311e7ad"},
    {file = "Pillow-7.2.0-cp35-cp35m-win_amd64.whl", hash = "sha256:0295442429645fa16d05bd567ef5cff178482439c9aad0411d3f0ce9b88b3a6f"},
    {file = "Pillow-7.2.0-cp36-cp36m-macosx_10_10_x86_64.whl", hash = "sha256:ec29604081f10f16a7aea809ad42e27764188fc258b02259a03a8ff7ded3808d"},
    {file = "Pillow-7.2.0-cp36-cp36m-manylinux1_i686.whl", hash = "sha256:612cfda94e9c8346f239bf1a4b082fdd5c8143cf82d685ba2dba76e7adeeb233"},
    {file = "Pillow-7.2.0-cp36-cp36m-manylinux1_x86_64.whl", hash = "sha256:0a80dd307a5d8440b0a08bd7b81617e04d870e40a3e46a32d9c246e54705e86f"},
    {file = "Pillow-7.2.0-cp36-cp36m-manylinux2014_aarch64.whl", hash = "sha256:06aba4169e78c439d528fdeb34762c3b61a70813527a2c57f0540541e9f433a8"},
    {file = "Pillow-7.2.0-cp36-cp36m-win32.whl", hash = "sha256:f7e30c27477dffc3e85c2463b3e649f751789e0f6c8456099eea7ddd53be4a8a"},
    {file = "Pillow-7.2.0-cp36-cp36m-win_amd64.whl", hash = "sha256:ffe538682dc19cc542ae7c3e504fdf54ca7f86fb8a135e59dd6bc8627eae6cce"},
    {file = "Pillow-7.2.0-cp37-cp37m-macosx_10_10_x86_64.whl", hash = "sha256:94cf49723928eb6070a892cb39d6c156f7b5a2db4e8971cb958f7b6b104fb4c4"},
    {file = "Pillow-7.2.0-cp37-cp37m-manylinux1_i686.whl", hash = "sha256:6edb5446f44d901e8683ffb25ebdfc26988ee813da3bf91e12252b57ac163727"},
    {file = "Pillow-7.2.0-cp37-cp37m-manylinux1_x86_64.whl", hash = "sha256:52125833b070791fcb5710fabc640fc1df07d087fc0c0f02d3661f76c23c5b8b"},
    {file = "Pillow-7.2.0-cp37-cp37m-manylinux2014_aarch64.whl", hash = "sha256:9ad7f865eebde135d526bb3163d0b23ffff365cf87e767c649550964ad72785d"},
    {file = "Pillow-7.2.0-cp37-cp37m-win32.whl", hash = "sha256:c79f9c5fb846285f943aafeafda3358992d64f0ef58566e23484132ecd8d7d63"},
    {file = "Pillow-7.2.0-cp37-cp37m-win_amd64.whl", hash = "sha256:d350f0f2c2421e65fbc62690f26b59b0bcda1b614beb318c81e38647e0f673a1"},
    {file = "Pillow-7.2.0-cp38-cp38-macosx_10_10_x86_64.whl", hash = "sha256:6d7741e65835716ceea0fd13a7d0192961212fd59e741a46bbed7a473c634ed6"},
    {file = "Pillow-7.2.0-cp38-cp38-manylinux1_i686.whl", hash = "sha256:edf31f1150778abd4322444c393ab9c7bd2af271dd4dafb4208fb613b1f3cdc9"},
    {file = "Pillow-7.2.0-cp38-cp38-manylinux1_x86_64.whl", hash = "sha256:d08b23fdb388c0715990cbc06866db554e1822c4bdcf6d4166cf30ac82df8c41"},
    {file = "Pillow-7.2.0-cp38-cp38-manylinux2014_aarch64.whl", hash = "sha256:5e51ee2b8114def244384eda1c82b10e307ad9778dac5c83fb0943775a653cd8"},
    {file = "Pillow-7.2.0-cp38-cp38-win32.whl", hash = "sha256:725aa6cfc66ce2857d585f06e9519a1cc0ef6d13f186ff3447ab6dff0a09bc7f"},
    {file = "Pillow-7.2.0-cp38-cp38-win_amd64.whl", hash = "sha256:a060cf8aa332052df2158e5a119303965be92c3da6f2d93b6878f0ebca80b2f6"},
    {file = "Pillow-7.2.0-pp36-pypy36_pp73-macosx_10_10_x86_64.whl", hash = "sha256:9c87ef410a58dd54b92424ffd7e28fd2ec65d2f7fc02b76f5e9b2067e355ebf6"},
    {file = "Pillow-7.2.0-pp36-pypy36_pp73-manylinux2010_x86_64.whl", hash = "sha256:e901964262a56d9ea3c2693df68bc9860b8bdda2b04768821e4c44ae797de117"},
    {file = "Pillow-7.2.0-pp36-pypy36_pp73-win32.whl", hash = "sha256:25930fadde8019f374400f7986e8404c8b781ce519da27792cbe46eabec00c4d"},
    {file = "Pillow-7.2.0.tar.gz", hash = "sha256:97f9e7953a77d5a70f49b9a48da7776dc51e9b738151b22dacf101641594a626"},
]
psutil = [
    {file = "psutil-5.8.0-cp27-cp27m-macosx_10_9_x86_64.whl", hash = "sha256:0066a82f7b1b37d334e68697faba68e5ad5e858279fd6351c8ca6024e8d6ba64"},
    {file = "psutil-5.8.0-cp27-cp27m-manylinux2010_i686.whl", hash = "sha256:0ae6f386d8d297177fd288be6e8d1afc05966878704dad9847719650e44fc49c"},
    {file = "psutil-5.8.0-cp27-cp27m-manylinux2010_x86_64.whl", hash = "sha256:12d844996d6c2b1d3881cfa6fa201fd635971869a9da945cf6756105af73d2df"},
    {file = "psutil-5.8.0-cp27-cp27mu-manylinux2010_i686.whl", hash = "sha256:02b8292609b1f7fcb34173b25e48d0da8667bc85f81d7476584d889c6e0f2131"},
    {file = "psutil-5.8.0-cp27-cp27mu-manylinux2010_x86_64.whl", hash = "sha256:6ffe81843131ee0ffa02c317186ed1e759a145267d54fdef1bc4ea5f5931ab60"},
    {file = "psutil-5.8.0-cp27-none-win32.whl", hash = "sha256:ea313bb02e5e25224e518e4352af4bf5e062755160f77e4b1767dd5ccb65f876"},
    {file = "psutil-5.8.0-cp27-none-win_amd64.whl", hash = "sha256:5da29e394bdedd9144c7331192e20c1f79283fb03b06e6abd3a8ae45ffecee65"},
    {file = "psutil-5.8.0-cp36-cp36m-macosx_10_9_x86_64.whl", hash = "sha256:74fb2557d1430fff18ff0d72613c5ca30c45cdbfcddd6a5773e9fc1fe9364be8"},
    {file = "psutil-5.8.0-cp36-cp36m-manylinux2010_i686.whl", hash = "sha256:74f2d0be88db96ada78756cb3a3e1b107ce8ab79f65aa885f76d7664e56928f6"},
    {file = "psutil-5.8.0-cp36-cp36m-manylinux2010_x86_64.whl", hash = "sha256:99de3e8739258b3c3e8669cb9757c9a861b2a25ad0955f8e53ac662d66de61ac"},
    {file = "psutil-5.8.0-cp36-cp36m-win32.whl", hash = "sha256:36b3b6c9e2a34b7d7fbae330a85bf72c30b1c827a4366a07443fc4b6270449e2"},
    {file = "psutil-5.8.0-cp36-cp36m-win_amd64.whl", hash = "sha256:52de075468cd394ac98c66f9ca33b2f54ae1d9bff1ef6b67a212ee8f639ec06d"},
    {file = "psutil-5.8.0-cp37-cp37m-macosx_10_9_x86_64.whl", hash = "sha256:c6a5fd10ce6b6344e616cf01cc5b849fa8103fbb5ba507b6b2dee4c11e84c935"},
    {file = "psutil-5.8.0-cp37-cp37m-manylinux2010_i686.whl", hash = "sha256:61f05864b42fedc0771d6d8e49c35f07efd209ade09a5afe6a5059e7bb7bf83d"},
    {file = "psutil-5.8.0-cp37-cp37m-manylinux2010_x86_64.whl", hash = "sha256:0dd4465a039d343925cdc29023bb6960ccf4e74a65ad53e768403746a9207023"},
    {file = "psutil-5.8.0-cp37-cp37m-win32.whl", hash = "sha256:1bff0d07e76114ec24ee32e7f7f8d0c4b0514b3fae93e3d2aaafd65d22502394"},
    {file = "psutil-5.8.0-cp37-cp37m-win_amd64.whl", hash = "sha256:fcc01e900c1d7bee2a37e5d6e4f9194760a93597c97fee89c4ae51701de03563"},
    {file = "psutil-5.8.0-cp38-cp38-macosx_10_9_x86_64.whl", hash = "sha256:6223d07a1ae93f86451d0198a0c361032c4c93ebd4bf6d25e2fb3edfad9571ef"},
    {file = "psutil-5.8.0-cp38-cp38-manylinux2010_i686.whl", hash = "sha256:d225cd8319aa1d3c85bf195c4e07d17d3cd68636b8fc97e6cf198f782f99af28"},
    {file = "psutil-5.8.0-cp38-cp38-manylinux2010_x86_64.whl", hash = "sha256:28ff7c95293ae74bf1ca1a79e8805fcde005c18a122ca983abf676ea3466362b"},
    {file = "psutil-5.8.0-cp38-cp38-win32.whl", hash = "sha256:ce8b867423291cb65cfc6d9c4955ee9bfc1e21fe03bb50e177f2b957f1c2469d"},
    {file = "psutil-5.8.0-cp38-cp38-win_amd64.whl", hash = "sha256:90f31c34d25b1b3ed6c40cdd34ff122b1887a825297c017e4cbd6796dd8b672d"},
    {file = "psutil-5.8.0-cp39-cp39-macosx_10_9_x86_64.whl", hash = "sha256:6323d5d845c2785efb20aded4726636546b26d3b577aded22492908f7c1bdda7"},
    {file = "psutil-5.8.0-cp39-cp39-manylinux2010_i686.whl", hash = "sha256:245b5509968ac0bd179287d91210cd3f37add77dad385ef238b275bad35fa1c4"},
    {file = "psutil-5.8.0-cp39-cp39-manylinux2010_x86_64.whl", hash = "sha256:90d4091c2d30ddd0a03e0b97e6a33a48628469b99585e2ad6bf21f17423b112b"},
    {file = "psutil-5.8.0-cp39-cp39-win32.whl", hash = "sha256:ea372bcc129394485824ae3e3ddabe67dc0b118d262c568b4d2602a7070afdb0"},
    {file = "psutil-5.8.0-cp39-cp39-win_amd64.whl", hash = "sha256:f4634b033faf0d968bb9220dd1c793b897ab7f1189956e1aa9eae752527127d3"},
    {file = "psutil-5.8.0.tar.gz", hash = "sha256:0c9ccb99ab76025f2f0bbecf341d4656e9c1351db8cc8a03ccd62e318ab4b5c6"},
]
pybullet = [
    {file = "pybullet-3.0.8-cp27-cp27m-manylinux1_x86_64.whl", hash = "sha256:c4cf4061fbaa98a7837b01d7d2788bd828126837584d87ed6f6380123b3832b9"},
    {file = "pybullet-3.0.8-cp27-cp27mu-manylinux1_x86_64.whl", hash = "sha256:15b343a071dd123675fc6662756a56e302e44ab519b58962d00531da74fec979"},
    {file = "pybullet-3.0.8-cp35-cp35m-manylinux1_x86_64.whl", hash = "sha256:529f7f8d1ad6bff6dccfe2e6e451fb3f784b5be28e0312a3f47477a63c220a18"},
    {file = "pybullet-3.0.8-cp36-cp36m-manylinux1_x86_64.whl", hash = "sha256:aeab785b32faacd0275e88a55c3dd59eddb56888e6e9668050f8e6f24c25596f"},
    {file = "pybullet-3.0.8-cp37-cp37m-manylinux1_x86_64.whl", hash = "sha256:026051f6f6e2bc73ee5eb05cc411f39d42164f29d28e7267f6f8d50e75968f27"},
    {file = "pybullet-3.0.8-cp38-cp38-manylinux1_x86_64.whl", hash = "sha256:927c2b058309f11d84c40d99be6001f64afc5bf749d2b5de2e4854ca7aecf5cc"},
    {file = "pybullet-3.0.8-cp39-cp39-manylinux1_x86_64.whl", hash = "sha256:695d178f1f21bfa692184f954d5016e343171f33d3b439ee59b46e62a8ef5b5a"},
    {file = "pybullet-3.0.8.tar.gz", hash = "sha256:623061d305bd5513a911abb2cbd0e37670be166a270123b43ca757bf78e4b438"},
]
pybullet-planning = [
    {file = "pybullet_planning-0.5.1.tar.gz", hash = "sha256:313ecd289351e98ff7f0793dcc1951941e481f8aa19d2168c344ceb853d4c585"},
]
pybullet-rendering = [
    {file = "pybullet_rendering-0.6.5-cp35-cp35m-manylinux2014_x86_64.whl", hash = "sha256:e63c2f252622f0935fa6d7bc7ab486bc69182762fba7d2c7d0ef31692e0cff86"},
    {file = "pybullet_rendering-0.6.5-cp36-cp36m-manylinux2014_x86_64.whl", hash = "sha256:d688384c4911b7b5d0d2a704e79eb176e34d032ed05fa29b5764e9a406aef525"},
    {file = "pybullet_rendering-0.6.5-cp37-cp37m-manylinux2014_x86_64.whl", hash = "sha256:746bc9c03f82f8e33bdf937a33067168dedf87f10cc18e08d196de4f72a6ce02"},
    {file = "pybullet_rendering-0.6.5-cp38-cp38-manylinux2014_x86_64.whl", hash = "sha256:498e76de544cad53121c179f3bb71d4e67e64a905330e48c9cba0142e1b30d46"},
    {file = "pybullet_rendering-0.6.5-cp39-cp39-manylinux2014_x86_64.whl", hash = "sha256:a17adc9b37e85e53910117d265f2f3f4f7af9dec86de4a21e588013da14d44b1"},
]
pyglet = [
    {file = "pyglet-1.5.0-py2.py3-none-any.whl", hash = "sha256:a42f599ebd0dc8113563041c402ae09be05cdcbc643bb1183785141ba3c3304e"},
    {file = "pyglet-1.5.0.zip", hash = "sha256:6ea918985feddfa9bf0fcc01ffe9ff5849e7b6e832d9b2e03b9d2a36369cb6ee"},
]
recordclass = [
    {file = "recordclass-0.14.3-cp27-cp27m-win32.whl", hash = "sha256:016a70b9e1d93e184a065a23d9bd15387c154375a166fd8868db96f362d77d94"},
    {file = "recordclass-0.14.3-cp27-cp27m-win_amd64.whl", hash = "sha256:c9941edde67077f95e83dfd69795b2bc6cff13e05ef537b4a57cddfb8fac55f9"},
    {file = "recordclass-0.14.3-cp36-cp36m-win32.whl", hash = "sha256:867f94a6c96474e2b52d50359adbcd1eaf18202c11654b662022a700831dfb7d"},
    {file = "recordclass-0.14.3-cp36-cp36m-win_amd64.whl", hash = "sha256:3ced6c8d7d34d573fd7f926b47b5cdb2875b986841f1464eb9d41777edb63f7e"},
    {file = "recordclass-0.14.3-cp37-cp37m-win32.whl", hash = "sha256:2c7dd437b2d766954e0468bdd49e444f24fc82bb080f57a4901e3718c678fcf6"},
    {file = "recordclass-0.14.3-cp37-cp37m-win_amd64.whl", hash = "sha256:3c885d6d92c3306846c36797a03712e7c9dea6cc01b61f45305a815c87ea5a0c"},
    {file = "recordclass-0.14.3-cp38-cp38-win32.whl", hash = "sha256:b5c25065b5d2825122fd67ac43053033bd85c209b261264ca3e2460b8308336d"},
    {file = "recordclass-0.14.3-cp38-cp38-win_amd64.whl", hash = "sha256:57ba80fe2b3fc61cd878b3cd90ca1445a48292baf5d154055d671dc76c521bc1"},
    {file = "recordclass-0.14.3-cp39-cp39-win32.whl", hash = "sha256:8a99639842291349667133a0c4076b2e5e483c4628da342715072037902d5884"},
    {file = "recordclass-0.14.3-cp39-cp39-win_amd64.whl", hash = "sha256:176af306e9b3a13a97b3e8e87228a2975f87173048ab5eafbd0ba9f2838cadb0"},
    {file = "recordclass-0.14.3.tar.gz", hash = "sha256:f2a0a42ec1128be81e28b8ba82ef1a1dccc41efbec6ecf97866915649645222f"},
]
scipy = [
    {file = "scipy-1.6.1-cp37-cp37m-macosx_10_9_x86_64.whl", hash = "sha256:a15a1f3fc0abff33e792d6049161b7795909b40b97c6cc2934ed54384017ab76"},
    {file = "scipy-1.6.1-cp37-cp37m-manylinux1_i686.whl", hash = "sha256:e79570979ccdc3d165456dd62041d9556fb9733b86b4b6d818af7a0afc15f092"},
    {file = "scipy-1.6.1-cp37-cp37m-manylinux1_x86_64.whl", hash = "sha256:a423533c55fec61456dedee7b6ee7dce0bb6bfa395424ea374d25afa262be261"},
    {file = "scipy-1.6.1-cp37-cp37m-manylinux2014_aarch64.whl", hash = "sha256:33d6b7df40d197bdd3049d64e8e680227151673465e5d85723b3b8f6b15a6ced"},
    {file = "scipy-1.6.1-cp37-cp37m-win32.whl", hash = "sha256:6725e3fbb47da428794f243864f2297462e9ee448297c93ed1dcbc44335feb78"},
    {file = "scipy-1.6.1-cp37-cp37m-win_amd64.whl", hash = "sha256:5fa9c6530b1661f1370bcd332a1e62ca7881785cc0f80c0d559b636567fab63c"},
    {file = "scipy-1.6.1-cp38-cp38-macosx_10_9_x86_64.whl", hash = "sha256:bd50daf727f7c195e26f27467c85ce653d41df4358a25b32434a50d8870fc519"},
    {file = "scipy-1.6.1-cp38-cp38-manylinux1_i686.whl", hash = "sha256:f46dd15335e8a320b0fb4685f58b7471702234cba8bb3442b69a3e1dc329c345"},
    {file = "scipy-1.6.1-cp38-cp38-manylinux1_x86_64.whl", hash = "sha256:0e5b0ccf63155d90da576edd2768b66fb276446c371b73841e3503be1d63fb5d"},
    {file = "scipy-1.6.1-cp38-cp38-manylinux2014_aarch64.whl", hash = "sha256:2481efbb3740977e3c831edfd0bd9867be26387cacf24eb5e366a6a374d3d00d"},
    {file = "scipy-1.6.1-cp38-cp38-win32.whl", hash = "sha256:68cb4c424112cd4be886b4d979c5497fba190714085f46b8ae67a5e4416c32b4"},
    {file = "scipy-1.6.1-cp38-cp38-win_amd64.whl", hash = "sha256:5f331eeed0297232d2e6eea51b54e8278ed8bb10b099f69c44e2558c090d06bf"},
    {file = "scipy-1.6.1-cp39-cp39-macosx_10_9_x86_64.whl", hash = "sha256:0c8a51d33556bf70367452d4d601d1742c0e806cd0194785914daf19775f0e67"},
    {file = "scipy-1.6.1-cp39-cp39-manylinux1_i686.whl", hash = "sha256:83bf7c16245c15bc58ee76c5418e46ea1811edcc2e2b03041b804e46084ab627"},
    {file = "scipy-1.6.1-cp39-cp39-manylinux1_x86_64.whl", hash = "sha256:794e768cc5f779736593046c9714e0f3a5940bc6dcc1dba885ad64cbfb28e9f0"},
    {file = "scipy-1.6.1-cp39-cp39-manylinux2014_aarch64.whl", hash = "sha256:5da5471aed911fe7e52b86bf9ea32fb55ae93e2f0fac66c32e58897cfb02fa07"},
    {file = "scipy-1.6.1-cp39-cp39-win32.whl", hash = "sha256:8e403a337749ed40af60e537cc4d4c03febddcc56cd26e774c9b1b600a70d3e4"},
    {file = "scipy-1.6.1-cp39-cp39-win_amd64.whl", hash = "sha256:a5193a098ae9f29af283dcf0041f762601faf2e595c0db1da929875b7570353f"},
    {file = "scipy-1.6.1.tar.gz", hash = "sha256:c4fceb864890b6168e79b0e714c585dbe2fd4222768ee90bc1aa0f8218691b11"},
]
